// !$*UTF8*$!
{
	archiveVersion = 1;
	classes = {
	};
	objectVersion = 46;
	objects = {

/* Begin PBXBuildFile section */
		57252F871BEA6A000058F0EC /* main.m in Sources */ = {isa = PBXBuildFile; fileRef = 57252F861BEA6A000058F0EC /* main.m */; };
		57252F8A1BEA6A000058F0EC /* AppDelegate.m in Sources */ = {isa = PBXBuildFile; fileRef = 57252F891BEA6A000058F0EC /* AppDelegate.m */; };
		57252F8D1BEA6A000058F0EC /* MasterViewController.m in Sources */ = {isa = PBXBuildFile; fileRef = 57252F8C1BEA6A000058F0EC /* MasterViewController.m */; };
		57252F901BEA6A000058F0EC /* DetailViewController.m in Sources */ = {isa = PBXBuildFile; fileRef = 57252F8F1BEA6A000058F0EC /* DetailViewController.m */; };
		57252F931BEA6A000058F0EC /* Main.storyboard in Resources */ = {isa = PBXBuildFile; fileRef = 57252F911BEA6A000058F0EC /* Main.storyboard */; };
		57252F951BEA6A000058F0EC /* Assets.xcassets in Resources */ = {isa = PBXBuildFile; fileRef = 57252F941BEA6A000058F0EC /* Assets.xcassets */; };
		57252F981BEA6A000058F0EC /* LaunchScreen.storyboard in Resources */ = {isa = PBXBuildFile; fileRef = 57252F961BEA6A000058F0EC /* LaunchScreen.storyboard */; };
		57252FA31BEA6A000058F0EC /* BlogReaderTests.m in Sources */ = {isa = PBXBuildFile; fileRef = 57252FA21BEA6A000058F0EC /* BlogReaderTests.m */; };
		57252FAE1BEA6A000058F0EC /* BlogReaderUITests.m in Sources */ = {isa = PBXBuildFile; fileRef = 57252FAD1BEA6A000058F0EC /* BlogReaderUITests.m */; };
/* End PBXBuildFile section */

/* Begin PBXContainerItemProxy section */
		57252F9F1BEA6A000058F0EC /* PBXContainerItemProxy */ = {
			isa = PBXContainerItemProxy;
			containerPortal = 57252F7A1BEA6A000058F0EC /* Project object */;
			proxyType = 1;
			remoteGlobalIDString = 57252F811BEA6A000058F0EC;
			remoteInfo = BlogReader;
		};
		57252FAA1BEA6A000058F0EC /* PBXContainerItemProxy */ = {
			isa = PBXContainerItemProxy;
			containerPortal = 57252F7A1BEA6A000058F0EC /* Project object */;
			proxyType = 1;
			remoteGlobalIDString = 57252F811BEA6A000058F0EC;
			remoteInfo = BlogReader;
		};
/* End PBXContainerItemProxy section */

/* Begin PBXFileReference section */
		57252F821BEA6A000058F0EC /* BlogReader.app */ = {isa = PBXFileReference; explicitFileType = wrapper.application; includeInIndex = 0; path = BlogReader.app; sourceTree = BUILT_PRODUCTS_DIR; };
		57252F861BEA6A000058F0EC /* main.m */ = {isa = PBXFileReference; lastKnownFileType = sourcecode.c.objc; path = main.m; sourceTree = "<group>"; };
		57252F881BEA6A000058F0EC /* AppDelegate.h */ = {isa = PBXFileReference; lastKnownFileType = sourcecode.c.h; path = AppDelegate.h; sourceTree = "<group>"; };
		57252F891BEA6A000058F0EC /* AppDelegate.m */ = {isa = PBXFileReference; lastKnownFileType = sourcecode.c.objc; path = AppDelegate.m; sourceTree = "<group>"; };
		57252F8B1BEA6A000058F0EC /* MasterViewController.h */ = {isa = PBXFileReference; lastKnownFileType = sourcecode.c.h; path = MasterViewController.h; sourceTree = "<group>"; };
		57252F8C1BEA6A000058F0EC /* MasterViewController.m */ = {isa = PBXFileReference; lastKnownFileType = sourcecode.c.objc; path = MasterViewController.m; sourceTree = "<group>"; };
		57252F8E1BEA6A000058F0EC /* DetailViewController.h */ = {isa = PBXFileReference; lastKnownFileType = sourcecode.c.h; path = DetailViewController.h; sourceTree = "<group>"; };
		57252F8F1BEA6A000058F0EC /* DetailViewController.m */ = {isa = PBXFileReference; lastKnownFileType = sourcecode.c.objc; path = DetailViewController.m; sourceTree = "<group>"; };
		57252F921BEA6A000058F0EC /* Base */ = {isa = PBXFileReference; lastKnownFileType = file.storyboard; name = Base; path = Base.lproj/Main.storyboard; sourceTree = "<group>"; };
		57252F941BEA6A000058F0EC /* Assets.xcassets */ = {isa = PBXFileReference; lastKnownFileType = folder.assetcatalog; path = Assets.xcassets; sourceTree = "<group>"; };
		57252F971BEA6A000058F0EC /* Base */ = {isa = PBXFileReference; lastKnownFileType = file.storyboard; name = Base; path = Base.lproj/LaunchScreen.storyboard; sourceTree = "<group>"; };
		57252F991BEA6A000058F0EC /* Info.plist */ = {isa = PBXFileReference; lastKnownFileType = text.plist.xml; path = Info.plist; sourceTree = "<group>"; };
		57252F9E1BEA6A000058F0EC /* BlogReaderTests.xctest */ = {isa = PBXFileReference; explicitFileType = wrapper.cfbundle; includeInIndex = 0; path = BlogReaderTests.xctest; sourceTree = BUILT_PRODUCTS_DIR; };
		57252FA21BEA6A000058F0EC /* BlogReaderTests.m */ = {isa = PBXFileReference; lastKnownFileType = sourcecode.c.objc; path = BlogReaderTests.m; sourceTree = "<group>"; };
		57252FA41BEA6A000058F0EC /* Info.plist */ = {isa = PBXFileReference; lastKnownFileType = text.plist.xml; path = Info.plist; sourceTree = "<group>"; };
		57252FA91BEA6A000058F0EC /* BlogReaderUITests.xctest */ = {isa = PBXFileReference; explicitFileType = wrapper.cfbundle; includeInIndex = 0; path = BlogReaderUITests.xctest; sourceTree = BUILT_PRODUCTS_DIR; };
		57252FAD1BEA6A000058F0EC /* BlogReaderUITests.m */ = {isa = PBXFileReference; lastKnownFileType = sourcecode.c.objc; path = BlogReaderUITests.m; sourceTree = "<group>"; };
		57252FAF1BEA6A000058F0EC /* Info.plist */ = {isa = PBXFileReference; lastKnownFileType = text.plist.xml; path = Info.plist; sourceTree = "<group>"; };
/* End PBXFileReference section */

/* Begin PBXFrameworksBuildPhase section */
		57252F7F1BEA6A000058F0EC /* Frameworks */ = {
			isa = PBXFrameworksBuildPhase;
			buildActionMask = 2147483647;
			files = (
			);
			runOnlyForDeploymentPostprocessing = 0;
		};
		57252F9B1BEA6A000058F0EC /* Frameworks */ = {
			isa = PBXFrameworksBuildPhase;
			buildActionMask = 2147483647;
			files = (
			);
			runOnlyForDeploymentPostprocessing = 0;
		};
		57252FA61BEA6A000058F0EC /* Frameworks */ = {
			isa = PBXFrameworksBuildPhase;
			buildActionMask = 2147483647;
			files = (
			);
			runOnlyForDeploymentPostprocessing = 0;
		};
/* End PBXFrameworksBuildPhase section */

/* Begin PBXGroup section */
		57252F791BEA6A000058F0EC = {
			isa = PBXGroup;
			children = (
				57252F841BEA6A000058F0EC /* BlogReader */,
				57252FA11BEA6A000058F0EC /* BlogReaderTests */,
				57252FAC1BEA6A000058F0EC /* BlogReaderUITests */,
				57252F831BEA6A000058F0EC /* Products */,
			);
			sourceTree = "<group>";
		};
		57252F831BEA6A000058F0EC /* Products */ = {
			isa = PBXGroup;
			children = (
				57252F821BEA6A000058F0EC /* BlogReader.app */,
				57252F9E1BEA6A000058F0EC /* BlogReaderTests.xctest */,
				57252FA91BEA6A000058F0EC /* BlogReaderUITests.xctest */,
			);
			name = Products;
			sourceTree = "<group>";
		};
		57252F841BEA6A000058F0EC /* BlogReader */ = {
			isa = PBXGroup;
			children = (
				57252F881BEA6A000058F0EC /* AppDelegate.h */,
				57252F891BEA6A000058F0EC /* AppDelegate.m */,
				57252F8B1BEA6A000058F0EC /* MasterViewController.h */,
				57252F8C1BEA6A000058F0EC /* MasterViewController.m */,
				57252F8E1BEA6A000058F0EC /* DetailViewController.h */,
				57252F8F1BEA6A000058F0EC /* DetailViewController.m */,
				57252F911BEA6A000058F0EC /* Main.storyboard */,
				57252F941BEA6A000058F0EC /* Assets.xcassets */,
				57252F961BEA6A000058F0EC /* LaunchScreen.storyboard */,
				57252F991BEA6A000058F0EC /* Info.plist */,
				57252F851BEA6A000058F0EC /* Supporting Files */,
			);
			path = BlogReader;
			sourceTree = "<group>";
		};
		57252F851BEA6A000058F0EC /* Supporting Files */ = {
			isa = PBXGroup;
			children = (
				57252F861BEA6A000058F0EC /* main.m */,
			);
			name = "Supporting Files";
			sourceTree = "<group>";
		};
		57252FA11BEA6A000058F0EC /* BlogReaderTests */ = {
			isa = PBXGroup;
			children = (
				57252FA21BEA6A000058F0EC /* BlogReaderTests.m */,
				57252FA41BEA6A000058F0EC /* Info.plist */,
			);
			path = BlogReaderTests;
			sourceTree = "<group>";
		};
		57252FAC1BEA6A000058F0EC /* BlogReaderUITests */ = {
			isa = PBXGroup;
			children = (
				57252FAD1BEA6A000058F0EC /* BlogReaderUITests.m */,
				57252FAF1BEA6A000058F0EC /* Info.plist */,
			);
			path = BlogReaderUITests;
			sourceTree = "<group>";
		};
/* End PBXGroup section */

/* Begin PBXNativeTarget section */
		57252F811BEA6A000058F0EC /* BlogReader */ = {
			isa = PBXNativeTarget;
			buildConfigurationList = 57252FB21BEA6A000058F0EC /* Build configuration list for PBXNativeTarget "BlogReader" */;
			buildPhases = (
				57252F7E1BEA6A000058F0EC /* Sources */,
				57252F7F1BEA6A000058F0EC /* Frameworks */,
				57252F801BEA6A000058F0EC /* Resources */,
			);
			buildRules = (
			);
			dependencies = (
			);
			name = BlogReader;
			productName = BlogReader;
			productReference = 57252F821BEA6A000058F0EC /* BlogReader.app */;
			productType = "com.apple.product-type.application";
		};
		57252F9D1BEA6A000058F0EC /* BlogReaderTests */ = {
			isa = PBXNativeTarget;
			buildConfigurationList = 57252FB51BEA6A000058F0EC /* Build configuration list for PBXNativeTarget "BlogReaderTests" */;
			buildPhases = (
				57252F9A1BEA6A000058F0EC /* Sources */,
				57252F9B1BEA6A000058F0EC /* Frameworks */,
				57252F9C1BEA6A000058F0EC /* Resources */,
			);
			buildRules = (
			);
			dependencies = (
				57252FA01BEA6A000058F0EC /* PBXTargetDependency */,
			);
			name = BlogReaderTests;
			productName = BlogReaderTests;
			productReference = 57252F9E1BEA6A000058F0EC /* BlogReaderTests.xctest */;
			productType = "com.apple.product-type.bundle.unit-test";
		};
		57252FA81BEA6A000058F0EC /* BlogReaderUITests */ = {
			isa = PBXNativeTarget;
			buildConfigurationList = 57252FB81BEA6A000058F0EC /* Build configuration list for PBXNativeTarget "BlogReaderUITests" */;
			buildPhases = (
				57252FA51BEA6A000058F0EC /* Sources */,
				57252FA61BEA6A000058F0EC /* Frameworks */,
				57252FA71BEA6A000058F0EC /* Resources */,
			);
			buildRules = (
			);
			dependencies = (
				57252FAB1BEA6A000058F0EC /* PBXTargetDependency */,
			);
			name = BlogReaderUITests;
			productName = BlogReaderUITests;
			productReference = 57252FA91BEA6A000058F0EC /* BlogReaderUITests.xctest */;
			productType = "com.apple.product-type.bundle.ui-testing";
		};
/* End PBXNativeTarget section */

/* Begin PBXProject section */
		57252F7A1BEA6A000058F0EC /* Project object */ = {
			isa = PBXProject;
			attributes = {
				LastUpgradeCheck = 0700;
				ORGANIZATIONNAME = "Cookie Gu";
				TargetAttributes = {
					57252F811BEA6A000058F0EC = {
						CreatedOnToolsVersion = 7.0.1;
					};
					57252F9D1BEA6A000058F0EC = {
						CreatedOnToolsVersion = 7.0.1;
						TestTargetID = 57252F811BEA6A000058F0EC;
					};
					57252FA81BEA6A000058F0EC = {
						CreatedOnToolsVersion = 7.0.1;
						TestTargetID = 57252F811BEA6A000058F0EC;
					};
				};
			};
			buildConfigurationList = 57252F7D1BEA6A000058F0EC /* Build configuration list for PBXProject "BlogReader" */;
			compatibilityVersion = "Xcode 3.2";
			developmentRegion = English;
			hasScannedForEncodings = 0;
			knownRegions = (
				en,
				Base,
			);
			mainGroup = 57252F791BEA6A000058F0EC;
			productRefGroup = 57252F831BEA6A000058F0EC /* Products */;
			projectDirPath = "";
			projectRoot = "";
			targets = (
				57252F811BEA6A000058F0EC /* BlogReader */,
				57252F9D1BEA6A000058F0EC /* BlogReaderTests */,
				57252FA81BEA6A000058F0EC /* BlogReaderUITests */,
			);
		};
/* End PBXProject section */

/* Begin PBXResourcesBuildPhase section */
		57252F801BEA6A000058F0EC /* Resources */ = {
			isa = PBXResourcesBuildPhase;
			buildActionMask = 2147483647;
			files = (
				57252F981BEA6A000058F0EC /* LaunchScreen.storyboard in Resources */,
				57252F951BEA6A000058F0EC /* Assets.xcassets in Resources */,
				57252F931BEA6A000058F0EC /* Main.storyboard in Resources */,
			);
			runOnlyForDeploymentPostprocessing = 0;
		};
		57252F9C1BEA6A000058F0EC /* Resources */ = {
			isa = PBXResourcesBuildPhase;
			buildActionMask = 2147483647;
			files = (
			);
			runOnlyForDeploymentPostprocessing = 0;
		};
		57252FA71BEA6A000058F0EC /* Resources */ = {
			isa = PBXResourcesBuildPhase;
			buildActionMask = 2147483647;
			files = (
			);
			runOnlyForDeploymentPostprocessing = 0;
		};
/* End PBXResourcesBuildPhase section */

/* Begin PBXSourcesBuildPhase section */
		57252F7E1BEA6A000058F0EC /* Sources */ = {
			isa = PBXSourcesBuildPhase;
			buildActionMask = 2147483647;
			files = (
				57252F8A1BEA6A000058F0EC /* AppDelegate.m in Sources */,
				57252F8D1BEA6A000058F0EC /* MasterViewController.m in Sources */,
				57252F871BEA6A000058F0EC /* main.m in Sources */,
				57252F901BEA6A000058F0EC /* DetailViewController.m in Sources */,
			);
			runOnlyForDeploymentPostprocessing = 0;
		};
		57252F9A1BEA6A000058F0EC /* Sources */ = {
			isa = PBXSourcesBuildPhase;
			buildActionMask = 2147483647;
			files = (
				57252FA31BEA6A000058F0EC /* BlogReaderTests.m in Sources */,
			);
			runOnlyForDeploymentPostprocessing = 0;
		};
		57252FA51BEA6A000058F0EC /* Sources */ = {
			isa = PBXSourcesBuildPhase;
			buildActionMask = 2147483647;
			files = (
				57252FAE1BEA6A000058F0EC /* BlogReaderUITests.m in Sources */,
			);
			runOnlyForDeploymentPostprocessing = 0;
		};
/* End PBXSourcesBuildPhase section */

/* Begin PBXTargetDependency section */
		57252FA01BEA6A000058F0EC /* PBXTargetDependency */ = {
			isa = PBXTargetDependency;
			target = 57252F811BEA6A000058F0EC /* BlogReader */;
			targetProxy = 57252F9F1BEA6A000058F0EC /* PBXContainerItemProxy */;
		};
		57252FAB1BEA6A000058F0EC /* PBXTargetDependency */ = {
			isa = PBXTargetDependency;
			target = 57252F811BEA6A000058F0EC /* BlogReader */;
			targetProxy = 57252FAA1BEA6A000058F0EC /* PBXContainerItemProxy */;
		};
/* End PBXTargetDependency section */

/* Begin PBXVariantGroup section */
		57252F911BEA6A000058F0EC /* Main.storyboard */ = {
			isa = PBXVariantGroup;
			children = (
				57252F921BEA6A000058F0EC /* Base */,
			);
			name = Main.storyboard;
			sourceTree = "<group>";
		};
		57252F961BEA6A000058F0EC /* LaunchScreen.storyboard */ = {
			isa = PBXVariantGroup;
			children = (
				57252F971BEA6A000058F0EC /* Base */,
			);
			name = LaunchScreen.storyboard;
			sourceTree = "<group>";
		};
/* End PBXVariantGroup section */

/* Begin XCBuildConfiguration section */
		57252FB01BEA6A000058F0EC /* Debug */ = {
			isa = XCBuildConfiguration;
			buildSettings = {
				ALWAYS_SEARCH_USER_PATHS = NO;
				CLANG_CXX_LANGUAGE_STANDARD = "gnu++0x";
				CLANG_CXX_LIBRARY = "libc++";
				CLANG_ENABLE_MODULES = YES;
				CLANG_ENABLE_OBJC_ARC = YES;
				CLANG_WARN_BOOL_CONVERSION = YES;
				CLANG_WARN_CONSTANT_CONVERSION = YES;
				CLANG_WARN_DIRECT_OBJC_ISA_USAGE = YES_ERROR;
				CLANG_WARN_EMPTY_BODY = YES;
				CLANG_WARN_ENUM_CONVERSION = YES;
				CLANG_WARN_INT_CONVERSION = YES;
				CLANG_WARN_OBJC_ROOT_CLASS = YES_ERROR;
				CLANG_WARN_UNREACHABLE_CODE = YES;
				CLANG_WARN__DUPLICATE_METHOD_MATCH = YES;
				"CODE_SIGN_IDENTITY[sdk=iphoneos*]" = "iPhone Developer";
				COPY_PHASE_STRIP = NO;
				DEBUG_INFORMATION_FORMAT = dwarf;
				ENABLE_STRICT_OBJC_MSGSEND = YES;
				ENABLE_TESTABILITY = YES;
				GCC_C_LANGUAGE_STANDARD = gnu99;
				GCC_DYNAMIC_NO_PIC = NO;
				GCC_NO_COMMON_BLOCKS = YES;
				GCC_OPTIMIZATION_LEVEL = 0;
				GCC_PREPROCESSOR_DEFINITIONS = (
					"DEBUG=1",
					"$(inherited)",
				);
				GCC_WARN_64_TO_32_BIT_CONVERSION = YES;
				GCC_WARN_ABOUT_RETURN_TYPE = YES_ERROR;
				GCC_WARN_UNDECLARED_SELECTOR = YES;
				GCC_WARN_UNINITIALIZED_AUTOS = YES_AGGRESSIVE;
				GCC_WARN_UNUSED_FUNCTION = YES;
				GCC_WARN_UNUSED_VARIABLE = YES;
				IPHONEOS_DEPLOYMENT_TARGET = 9.0;
				MTL_ENABLE_DEBUG_INFO = YES;
				ONLY_ACTIVE_ARCH = YES;
				SDKROOT = iphoneos;
			};
			name = Debug;
		};
		57252FB11BEA6A000058F0EC /* Release */ = {
			isa = XCBuildConfiguration;
			buildSettings = {
				ALWAYS_SEARCH_USER_PATHS = NO;
				CLANG_CXX_LANGUAGE_STANDARD = "gnu++0x";
				CLANG_CXX_LIBRARY = "libc++";
				CLANG_ENABLE_MODULES = YES;
				CLANG_ENABLE_OBJC_ARC = YES;
				CLANG_WARN_BOOL_CONVERSION = YES;
				CLANG_WARN_CONSTANT_CONVERSION = YES;
				CLANG_WARN_DIRECT_OBJC_ISA_USAGE = YES_ERROR;
				CLANG_WARN_EMPTY_BODY = YES;
				CLANG_WARN_ENUM_CONVERSION = YES;
				CLANG_WARN_INT_CONVERSION = YES;
				CLANG_WARN_OBJC_ROOT_CLASS = YES_ERROR;
				CLANG_WARN_UNREACHABLE_CODE = YES;
				CLANG_WARN__DUPLICATE_METHOD_MATCH = YES;
				"CODE_SIGN_IDENTITY[sdk=iphoneos*]" = "iPhone Developer";
				COPY_PHASE_STRIP = NO;
				DEBUG_INFORMATION_FORMAT = "dwarf-with-dsym";
				ENABLE_NS_ASSERTIONS = NO;
				ENABLE_STRICT_OBJC_MSGSEND = YES;
				GCC_C_LANGUAGE_STANDARD = gnu99;
				GCC_NO_COMMON_BLOCKS = YES;
				GCC_WARN_64_TO_32_BIT_CONVERSION = YES;
				GCC_WARN_ABOUT_RETURN_TYPE = YES_ERROR;
				GCC_WARN_UNDECLARED_SELECTOR = YES;
				GCC_WARN_UNINITIALIZED_AUTOS = YES_AGGRESSIVE;
				GCC_WARN_UNUSED_FUNCTION = YES;
				GCC_WARN_UNUSED_VARIABLE = YES;
				IPHONEOS_DEPLOYMENT_TARGET = 9.0;
				MTL_ENABLE_DEBUG_INFO = NO;
				SDKROOT = iphoneos;
				VALIDATE_PRODUCT = YES;
			};
			name = Release;
		};
		57252FB31BEA6A000058F0EC /* Debug */ = {
			isa = XCBuildConfiguration;
			buildSettings = {
				ASSETCATALOG_COMPILER_APPICON_NAME = AppIcon;
				INFOPLIST_FILE = BlogReader/Info.plist;
				LD_RUNPATH_SEARCH_PATHS = "$(inherited) @executable_path/Frameworks";
				PRODUCT_BUNDLE_IDENTIFIER = com.cookrin.BlogReader;
				PRODUCT_NAME = "$(TARGET_NAME)";
			};
			name = Debug;
		};
		57252FB41BEA6A000058F0EC /* Release */ = {
			isa = XCBuildConfiguration;
			buildSettings = {
				ASSETCATALOG_COMPILER_APPICON_NAME = AppIcon;
				INFOPLIST_FILE = BlogReader/Info.plist;
				LD_RUNPATH_SEARCH_PATHS = "$(inherited) @executable_path/Frameworks";
				PRODUCT_BUNDLE_IDENTIFIER = com.cookrin.BlogReader;
				PRODUCT_NAME = "$(TARGET_NAME)";
			};
			name = Release;
		};
		57252FB61BEA6A000058F0EC /* Debug */ = {
			isa = XCBuildConfiguration;
			buildSettings = {
				BUNDLE_LOADER = "$(TEST_HOST)";
				INFOPLIST_FILE = BlogReaderTests/Info.plist;
				LD_RUNPATH_SEARCH_PATHS = "$(inherited) @executable_path/Frameworks @loader_path/Frameworks";
				PRODUCT_BUNDLE_IDENTIFIER = com.cookrin.BlogReaderTests;
				PRODUCT_NAME = "$(TARGET_NAME)";
				TEST_HOST = "$(BUILT_PRODUCTS_DIR)/BlogReader.app/BlogReader";
			};
			name = Debug;
		};
		57252FB71BEA6A000058F0EC /* Release */ = {
			isa = XCBuildConfiguration;
			buildSettings = {
				BUNDLE_LOADER = "$(TEST_HOST)";
				INFOPLIST_FILE = BlogReaderTests/Info.plist;
				LD_RUNPATH_SEARCH_PATHS = "$(inherited) @executable_path/Frameworks @loader_path/Frameworks";
				PRODUCT_BUNDLE_IDENTIFIER = com.cookrin.BlogReaderTests;
				PRODUCT_NAME = "$(TARGET_NAME)";
				TEST_HOST = "$(BUILT_PRODUCTS_DIR)/BlogReader.app/BlogReader";
			};
			name = Release;
		};
		57252FB91BEA6A000058F0EC /* Debug */ = {
			isa = XCBuildConfiguration;
			buildSettings = {
				INFOPLIST_FILE = BlogReaderUITests/Info.plist;
				LD_RUNPATH_SEARCH_PATHS = "$(inherited) @executable_path/Frameworks @loader_path/Frameworks";
				PRODUCT_BUNDLE_IDENTIFIER = com.cookrin.BlogReaderUITests;
				PRODUCT_NAME = "$(TARGET_NAME)";
				TEST_TARGET_NAME = BlogReader;
				USES_XCTRUNNER = YES;
			};
			name = Debug;
		};
		57252FBA1BEA6A000058F0EC /* Release */ = {
			isa = XCBuildConfiguration;
			buildSettings = {
				INFOPLIST_FILE = BlogReaderUITests/Info.plist;
				LD_RUNPATH_SEARCH_PATHS = "$(inherited) @executable_path/Frameworks @loader_path/Frameworks";
				PRODUCT_BUNDLE_IDENTIFIER = com.cookrin.BlogReaderUITests;
				PRODUCT_NAME = "$(TARGET_NAME)";
				TEST_TARGET_NAME = BlogReader;
				USES_XCTRUNNER = YES;
			};
			name = Release;
		};
/* End XCBuildConfiguration section */

/* Begin XCConfigurationList section */
		57252F7D1BEA6A000058F0EC /* Build configuration list for PBXProject "BlogReader" */ = {
			isa = XCConfigurationList;
			buildConfigurations = (
				57252FB01BEA6A000058F0EC /* Debug */,
				57252FB11BEA6A000058F0EC /* Release */,
			);
			defaultConfigurationIsVisible = 0;
			defaultConfigurationName = Release;
		};
		57252FB21BEA6A000058F0EC /* Build configuration list for PBXNativeTarget "BlogReader" */ = {
			isa = XCConfigurationList;
			buildConfigurations = (
				57252FB31BEA6A000058F0EC /* Debug */,
				57252FB41BEA6A000058F0EC /* Release */,
			);
			defaultConfigurationIsVisible = 0;
		};
		57252FB51BEA6A000058F0EC /* Build configuration list for PBXNativeTarget "BlogReaderTests" */ = {
			isa = XCConfigurationList;
			buildConfigurations = (
				57252FB61BEA6A000058F0EC /* Debug */,
				57252FB71BEA6A000058F0EC /* Release */,
			);
			defaultConfigurationIsVisible = 0;
		};
		57252FB81BEA6A000058F0EC /* Build configuration list for PBXNativeTarget "BlogReaderUITests" */ = {
			isa = XCConfigurationList;
			buildConfigurations = (
				57252FB91BEA6A000058F0EC /* Debug */,
				57252FBA1BEA6A000058F0EC /* Release */,
			);
			defaultConfigurationIsVisible = 0;
		};
/* End XCConfigurationList section */
	};
	rootObject = 57252F7A1BEA6A000058F0EC /* Project object */;
}
